{
  "originHash" : "b6d66b67b56036ecbe194bb52ff7aa3647cb144bfc24990f9ed84ab70e5daabb",
  "pins" : [
    {
      "identity" : "swift-argument-parser",
      "kind" : "remoteSourceControl",
      "location" : "https://github.com/apple/swift-argument-parser.git",
      "state" : {
        "revision" : "5e0406d68a4937f21ae5f670b8f89dad1d156a1c",
        "version" : "1.8.0"
      }
    }
  ],
  "version" : 3
}
